
Microsoft Visual Studio Solution File, Format Version 12.00
# Visual Studio Version 16
VisualStudioVersion = 16.0.31205.134
MinimumVisualStudioVersion = 10.0.40219.1
Project("{FAE04EC0-301F-11D3-BF4B-00C04F79EFBC}") = "IntroductionToPrismForWPF", "IntroductionToPrismForWPF\IntroductionToPrismForWPF.csproj", "{4CDA1B83-38E3-4521-BE14-06F3C366315B}"
EndProject
Project("{FAE04EC0-301F-11D3-BF4B-00C04F79EFBC}") = "MainModule", "MainModule\MainModule.csproj", "{9D5DACE7-5751-468C-9B2D-7200049E178D}"
EndProject
Project("{FAE04EC0-301F-11D3-BF4B-00C04F79EFBC}") = "MsgInModule", "MsgInModule\MsgInModule.csproj", "{1D296509-2B79-4FD5-BFE2-787E819C66F1}"
EndProject
Project("{FAE04EC0-301F-11D3-BF4B-00C04F79EFBC}") = "IntroductionToPrismForWPF.Core", "IntroductionToPrismForWPF.Core\IntroductionToPrismForWPF.Core.csproj", "{C789F008-0F15-419C-A5E0-55845E169D26}"
EndProject
Project("{FAE04EC0-301F-11D3-BF4B-00C04F79EFBC}") = "MsgListModule", "MsgListModule\MsgListModule.csproj", "{48D732AE-3D2C-4B37-A4D0-6F2AB8635841}"
EndProject
Project("{FAE04EC0-301F-11D3-BF4B-00C04F79EFBC}") = "ForNaviModule", "ForNaviModule\ForNaviModule.csproj", "{1CD66398-EE9F-4449-9404-FFA6F62630E3}"
EndProject
Global
	GlobalSection(SolutionConfigurationPlatforms) = preSolution
		Debug|Any CPU = Debug|Any CPU
		Release|Any CPU = Release|Any CPU
	EndGlobalSection
	GlobalSection(ProjectConfigurationPlatforms) = postSolution
		{4CDA1B83-38E3-4521-BE14-06F3C366315B}.Debug|Any CPU.ActiveCfg = Debug|Any CPU
		{4CDA1B83-38E3-4521-BE14-06F3C366315B}.Debug|Any CPU.Build.0 = Debug|Any CPU
		{4CDA1B83-38E3-4521-BE14-06F3C366315B}.Release|Any CPU.ActiveCfg = Release|Any CPU
		{4CDA1B83-38E3-4521-BE14-06F3C366315B}.Release|Any CPU.Build.0 = Release|Any CPU
		{9D5DACE7-5751-468C-9B2D-7200049E178D}.Debug|Any CPU.ActiveCfg = Debug|Any CPU
		{9D5DACE7-5751-468C-9B2D-7200049E178D}.Debug|Any CPU.Build.0 = Debug|Any CPU
		{9D5DACE7-5751-468C-9B2D-7200049E178D}.Release|Any CPU.ActiveCfg = Release|Any CPU
		{9D5DACE7-5751-468C-9B2D-7200049E178D}.Release|Any CPU.Build.0 = Release|Any CPU
		{1D296509-2B79-4FD5-BFE2-787E819C66F1}.Debug|Any CPU.ActiveCfg = Debug|Any CPU
		{1D296509-2B79-4FD5-BFE2-787E819C66F1}.Debug|Any CPU.Build.0 = Debug|Any CPU
		{1D296509-2B79-4FD5-BFE2-787E819C66F1}.Release|Any CPU.ActiveCfg = Release|Any CPU
		{1D296509-2B79-4FD5-BFE2-787E819C66F1}.Release|Any CPU.Build.0 = Release|Any CPU
		{C789F008-0F15-419C-A5E0-55845E169D26}.Debug|Any CPU.ActiveCfg = Debug|Any CPU
		{C789F008-0F15-419C-A5E0-55845E169D26}.Debug|Any CPU.Build.0 = Debug|Any CPU
		{C789F008-0F15-419C-A5E0-55845E169D26}.Release|Any CPU.ActiveCfg = Release|Any CPU
		{C789F008-0F15-419C-A5E0-55845E169D26}.Release|Any CPU.Build.0 = Release|Any CPU
		{48D732AE-3D2C-4B37-A4D0-6F2AB8635841}.Debug|Any CPU.ActiveCfg = Debug|Any CPU
		{48D732AE-3D2C-4B37-A4D0-6F2AB8635841}.Debug|Any CPU.Build.0 = Debug|Any CPU
		{48D732AE-3D2C-4B37-A4D0-6F2AB8635841}.Release|Any CPU.ActiveCfg = Release|Any CPU
		{48D732AE-3D2C-4B37-A4D0-6F2AB8635841}.Release|Any CPU.Build.0 = Release|Any CPU
		{1CD66398-EE9F-4449-9404-FFA6F62630E3}.Debug|Any CPU.ActiveCfg = Debug|Any CPU
		{1CD66398-EE9F-4449-9404-FFA6F62630E3}.Debug|Any CPU.Build.0 = Debug|Any CPU
		{1CD66398-EE9F-4449-9404-FFA6F62630E3}.Release|Any CPU.ActiveCfg = Release|Any CPU
		{1CD66398-EE9F-4449-9404-FFA6F62630E3}.Release|Any CPU.Build.0 = Release|Any CPU
	EndGlobalSection
	GlobalSection(SolutionProperties) = preSolution
		HideSolutionNode = FALSE
	EndGlobalSection
	GlobalSection(ExtensibilityGlobals) = postSolution
		SolutionGuid = {7818FB85-457A-41DD-B4C0-A3A4007B502F}
	EndGlobalSection
EndGlobal
